// !$*UTF8*$!
{
	archiveVersion = 1;
	classes = {
	};
	objectVersion = 46;
	objects = {

/* Begin PBXBuildFile section */
		B98323881AA23F6B00770625 /* main.m in Sources */ = {isa = PBXBuildFile; fileRef = B98323871AA23F6B00770625 /* main.m */; };
		B983238B1AA23F6B00770625 /* AppDelegate.m in Sources */ = {isa = PBXBuildFile; fileRef = B983238A1AA23F6B00770625 /* AppDelegate.m */; };
		B98323911AA23F6B00770625 /* Main.storyboard in Resources */ = {isa = PBXBuildFile; fileRef = B983238F1AA23F6B00770625 /* Main.storyboard */; };
		B98323931AA23F6B00770625 /* Images.xcassets in Resources */ = {isa = PBXBuildFile; fileRef = B98323921AA23F6B00770625 /* Images.xcassets */; };
		B98323961AA23F6B00770625 /* LaunchScreen.xib in Resources */ = {isa = PBXBuildFile; fileRef = B98323941AA23F6B00770625 /* LaunchScreen.xib */; };
		B98323A21AA23F6B00770625 /* SuperVisionTests.m in Sources */ = {isa = PBXBuildFile; fileRef = B98323A11AA23F6B00770625 /* SuperVisionTests.m */; };
		B98323AD1AA23FB400770625 /* LoginViewViewController.m in Sources */ = {isa = PBXBuildFile; fileRef = B98323AC1AA23FB400770625 /* LoginViewViewController.m */; };
		B98323B01AA24FA200770625 /* DashboardViewController.m in Sources */ = {isa = PBXBuildFile; fileRef = B98323AF1AA24FA200770625 /* DashboardViewController.m */; };
		B9A69DD91AA2F95C0058E701 /* PaymentsViewController.m in Sources */ = {isa = PBXBuildFile; fileRef = B9A69DD81AA2F95C0058E701 /* PaymentsViewController.m */; };
		B9A69DDC1AA2FFB80058E701 /* AppointmentsViewController.m in Sources */ = {isa = PBXBuildFile; fileRef = B9A69DDB1AA2FFB80058E701 /* AppointmentsViewController.m */; };
		FB1783A51AAE0C19000B9E81 /* SuperVision-072214_page15_image2.jpg in Resources */ = {isa = PBXBuildFile; fileRef = FB1783A41AAE0C19000B9E81 /* SuperVision-072214_page15_image2.jpg */; };
		FB1783A81AAE1A09000B9E81 /* ChangeAddressViewController.m in Sources */ = {isa = PBXBuildFile; fileRef = FB1783A71AAE1A09000B9E81 /* ChangeAddressViewController.m */; };
		FB1783AB1AAE1A20000B9E81 /* ChangeEmployerAddressViewController.m in Sources */ = {isa = PBXBuildFile; fileRef = FB1783AA1AAE1A20000B9E81 /* ChangeEmployerAddressViewController.m */; };
		FB1BCA6E1AA987E1001BC8EC /* ReportInViewController.m in Sources */ = {isa = PBXBuildFile; fileRef = FB1BCA6D1AA987E1001BC8EC /* ReportInViewController.m */; };
		FB1BCA711AA9982A001BC8EC /* RecordingViewController.m in Sources */ = {isa = PBXBuildFile; fileRef = FB1BCA701AA9982A001BC8EC /* RecordingViewController.m */; };
		FB1BCA741AA99A1C001BC8EC /* CheckinVerfiedViewController.m in Sources */ = {isa = PBXBuildFile; fileRef = FB1BCA731AA99A1C001BC8EC /* CheckinVerfiedViewController.m */; };
		FB29BC901AAAFAB200EB5779 /* AudioToolbox.framework in Frameworks */ = {isa = PBXBuildFile; fileRef = FB29BC8F1AAAFAB200EB5779 /* AudioToolbox.framework */; };
		FB29BC951AAB0DC000EB5779 /* SVUtility.m in Sources */ = {isa = PBXBuildFile; fileRef = FB29BC941AAB0DC000EB5779 /* SVUtility.m */; };
		FB4417741AA8C90700E1AC7B /* AppointmentTableViewCell.m in Sources */ = {isa = PBXBuildFile; fileRef = FB4417721AA8C90700E1AC7B /* AppointmentTableViewCell.m */; };
		FB4417751AA8C90700E1AC7B /* AppointmentTableViewCell.xib in Resources */ = {isa = PBXBuildFile; fileRef = FB4417731AA8C90700E1AC7B /* AppointmentTableViewCell.xib */; };
		FB78AEF31AB2EC5D0071AEB6 /* CoreLocation.framework in Frameworks */ = {isa = PBXBuildFile; fileRef = FB78AEF21AB2EC5D0071AEB6 /* CoreLocation.framework */; };
		FB78AEF71AB2F3070071AEB6 /* checkmark.png in Resources */ = {isa = PBXBuildFile; fileRef = FB78AEF61AB2F3070071AEB6 /* checkmark.png */; };
		FB843DFC1AA8255C00F65A36 /* MBProgressHUD.m in Sources */ = {isa = PBXBuildFile; fileRef = FB843DFB1AA8255C00F65A36 /* MBProgressHUD.m */; settings = {COMPILER_FLAGS = "-fno-objc-arc"; }; };
		FB843DFE1AA82F0B00F65A36 /* CoreMedia.framework in Frameworks */ = {isa = PBXBuildFile; fileRef = FB843DFD1AA82F0B00F65A36 /* CoreMedia.framework */; };
		FB843E001AA82F1100F65A36 /* CoreVideo.framework in Frameworks */ = {isa = PBXBuildFile; fileRef = FB843DFF1AA82F1100F65A36 /* CoreVideo.framework */; };
		FB843E021AA82F4200F65A36 /* AVFoundation.framework in Frameworks */ = {isa = PBXBuildFile; fileRef = FB843E011AA82F4200F65A36 /* AVFoundation.framework */; };
		FB9FF52F1AAEF4D000011BC1 /* MobileCoreServices.framework in Frameworks */ = {isa = PBXBuildFile; fileRef = FB9FF52E1AAEF4D000011BC1 /* MobileCoreServices.framework */; };
		FBB17A8E1AA6E1B70016BF5D /* SVLoginRequest.m in Sources */ = {isa = PBXBuildFile; fileRef = FBB17A8D1AA6E1B70016BF5D /* SVLoginRequest.m */; };
		FBB17A911AA6E1CB0016BF5D /* SVLoginResponse.m in Sources */ = {isa = PBXBuildFile; fileRef = FBB17A901AA6E1CB0016BF5D /* SVLoginResponse.m */; };
		FBB17A941AA6E1DC0016BF5D /* SVUserInfo.m in Sources */ = {isa = PBXBuildFile; fileRef = FBB17A931AA6E1DC0016BF5D /* SVUserInfo.m */; };
		FBB17A971AA6E2090016BF5D /* SVAppoinmentinfo.m in Sources */ = {isa = PBXBuildFile; fileRef = FBB17A961AA6E2090016BF5D /* SVAppoinmentinfo.m */; };
		FBB17A9A1AA702500016BF5D /* SVNetworkApi.m in Sources */ = {isa = PBXBuildFile; fileRef = FBB17A991AA702500016BF5D /* SVNetworkApi.m */; };
		FBC3A4C11AADA3B7008C682D /* appointment-bg.png in Resources */ = {isa = PBXBuildFile; fileRef = FBC3A4B21AADA3B7008C682D /* appointment-bg.png */; };
		FBC3A4C21AADA3B7008C682D /* bg.png in Resources */ = {isa = PBXBuildFile; fileRef = FBC3A4B31AADA3B7008C682D /* bg.png */; };
		FBC3A4C31AADA3B7008C682D /* dropdown-arrow-bg.png in Resources */ = {isa = PBXBuildFile; fileRef = FBC3A4B41AADA3B7008C682D /* dropdown-arrow-bg.png */; };
		FBC3A4C41AADA3B7008C682D /* dropdown-arrow.png in Resources */ = {isa = PBXBuildFile; fileRef = FBC3A4B51AADA3B7008C682D /* dropdown-arrow.png */; };
		FBC3A4C51AADA3B7008C682D /* location-icon.png in Resources */ = {isa = PBXBuildFile; fileRef = FBC3A4B61AADA3B7008C682D /* location-icon.png */; };
		FBC3A4C61AADA3B7008C682D /* logo.png in Resources */ = {isa = PBXBuildFile; fileRef = FBC3A4B71AADA3B7008C682D /* logo.png */; };
		FBC3A4C71AADA3B7008C682D /* mic-icon.png in Resources */ = {isa = PBXBuildFile; fileRef = FBC3A4B81AADA3B7008C682D /* mic-icon.png */; };
		FBC3A4C81AADA3B7008C682D /* payment-bg.png in Resources */ = {isa = PBXBuildFile; fileRef = FBC3A4B91AADA3B7008C682D /* payment-bg.png */; };
		FBC3A4C91AADA3B7008C682D /* red-band.png in Resources */ = {isa = PBXBuildFile; fileRef = FBC3A4BA1AADA3B7008C682D /* red-band.png */; };
		FBC3A4CA1AADA3B7008C682D /* regarding-button.png in Resources */ = {isa = PBXBuildFile; fileRef = FBC3A4BB1AADA3B7008C682D /* regarding-button.png */; };
		FBC3A4CB1AADA3B7008C682D /* reportin-bg.png in Resources */ = {isa = PBXBuildFile; fileRef = FBC3A4BC1AADA3B7008C682D /* reportin-bg.png */; };
		FBC3A4CC1AADA3B7008C682D /* sound-wave.png in Resources */ = {isa = PBXBuildFile; fileRef = FBC3A4BD1AADA3B7008C682D /* sound-wave.png */; };
		FBC3A4CD1AADA3B7008C682D /* supervision-logo.png in Resources */ = {isa = PBXBuildFile; fileRef = FBC3A4BE1AADA3B7008C682D /* supervision-logo.png */; };
		FBC3A4CE1AADA3B7008C682D /* tick-mark-banner.png in Resources */ = {isa = PBXBuildFile; fileRef = FBC3A4BF1AADA3B7008C682D /* tick-mark-banner.png */; };
		FBC3A4CF1AADA3B7008C682D /* voice-icon.png in Resources */ = {isa = PBXBuildFile; fileRef = FBC3A4C01AADA3B7008C682D /* voice-icon.png */; };
/* End PBXBuildFile section */

/* Begin PBXContainerItemProxy section */
		B983239C1AA23F6B00770625 /* PBXContainerItemProxy */ = {
			isa = PBXContainerItemProxy;
			containerPortal = B983237A1AA23F6B00770625 /* Project object */;
			proxyType = 1;
			remoteGlobalIDString = B98323811AA23F6B00770625;
			remoteInfo = SuperVision;
		};
/* End PBXContainerItemProxy section */

/* Begin PBXFileReference section */
		B98323821AA23F6B00770625 /* SuperVision.app */ = {isa = PBXFileReference; explicitFileType = wrapper.application; includeInIndex = 0; path = SuperVision.app; sourceTree = BUILT_PRODUCTS_DIR; };
		B98323861AA23F6B00770625 /* Info.plist */ = {isa = PBXFileReference; lastKnownFileType = text.plist.xml; path = Info.plist; sourceTree = "<group>"; };
		B98323871AA23F6B00770625 /* main.m */ = {isa = PBXFileReference; lastKnownFileType = sourcecode.c.objc; path = main.m; sourceTree = "<group>"; };
		B98323891AA23F6B00770625 /* AppDelegate.h */ = {isa = PBXFileReference; lastKnownFileType = sourcecode.c.h; path = AppDelegate.h; sourceTree = "<group>"; };
		B983238A1AA23F6B00770625 /* AppDelegate.m */ = {isa = PBXFileReference; lastKnownFileType = sourcecode.c.objc; path = AppDelegate.m; sourceTree = "<group>"; };
		B98323901AA23F6B00770625 /* Base */ = {isa = PBXFileReference; lastKnownFileType = file.storyboard; name = Base; path = Base.lproj/Main.storyboard; sourceTree = "<group>"; };
		B98323921AA23F6B00770625 /* Images.xcassets */ = {isa = PBXFileReference; lastKnownFileType = folder.assetcatalog; path = Images.xcassets; sourceTree = "<group>"; };
		B98323951AA23F6B00770625 /* Base */ = {isa = PBXFileReference; lastKnownFileType = file.xib; name = Base; path = Base.lproj/LaunchScreen.xib; sourceTree = "<group>"; };
		B983239B1AA23F6B00770625 /* SuperVisionTests.xctest */ = {isa = PBXFileReference; explicitFileType = wrapper.cfbundle; includeInIndex = 0; path = SuperVisionTests.xctest; sourceTree = BUILT_PRODUCTS_DIR; };
		B98323A01AA23F6B00770625 /* Info.plist */ = {isa = PBXFileReference; lastKnownFileType = text.plist.xml; path = Info.plist; sourceTree = "<group>"; };
		B98323A11AA23F6B00770625 /* SuperVisionTests.m */ = {isa = PBXFileReference; lastKnownFileType = sourcecode.c.objc; path = SuperVisionTests.m; sourceTree = "<group>"; };
		B98323AB1AA23FB400770625 /* LoginViewViewController.h */ = {isa = PBXFileReference; fileEncoding = 4; lastKnownFileType = sourcecode.c.h; path = LoginViewViewController.h; sourceTree = "<group>"; };
		B98323AC1AA23FB400770625 /* LoginViewViewController.m */ = {isa = PBXFileReference; fileEncoding = 4; lastKnownFileType = sourcecode.c.objc; path = LoginViewViewController.m; sourceTree = "<group>"; };
		B98323AE1AA24FA200770625 /* DashboardViewController.h */ = {isa = PBXFileReference; fileEncoding = 4; lastKnownFileType = sourcecode.c.h; path = DashboardViewController.h; sourceTree = "<group>"; };
		B98323AF1AA24FA200770625 /* DashboardViewController.m */ = {isa = PBXFileReference; fileEncoding = 4; lastKnownFileType = sourcecode.c.objc; path = DashboardViewController.m; sourceTree = "<group>"; };
		B9A69DD71AA2F95C0058E701 /* PaymentsViewController.h */ = {isa = PBXFileReference; fileEncoding = 4; lastKnownFileType = sourcecode.c.h; path = PaymentsViewController.h; sourceTree = "<group>"; };
		B9A69DD81AA2F95C0058E701 /* PaymentsViewController.m */ = {isa = PBXFileReference; fileEncoding = 4; lastKnownFileType = sourcecode.c.objc; path = PaymentsViewController.m; sourceTree = "<group>"; };
		B9A69DDA1AA2FFB80058E701 /* AppointmentsViewController.h */ = {isa = PBXFileReference; fileEncoding = 4; lastKnownFileType = sourcecode.c.h; path = AppointmentsViewController.h; sourceTree = "<group>"; };
		B9A69DDB1AA2FFB80058E701 /* AppointmentsViewController.m */ = {isa = PBXFileReference; fileEncoding = 4; lastKnownFileType = sourcecode.c.objc; path = AppointmentsViewController.m; sourceTree = "<group>"; };
		FB1783A41AAE0C19000B9E81 /* SuperVision-072214_page15_image2.jpg */ = {isa = PBXFileReference; lastKnownFileType = image.jpeg; path = "SuperVision-072214_page15_image2.jpg"; sourceTree = "<group>"; };
		FB1783A61AAE1A09000B9E81 /* ChangeAddressViewController.h */ = {isa = PBXFileReference; fileEncoding = 4; lastKnownFileType = sourcecode.c.h; path = ChangeAddressViewController.h; sourceTree = "<group>"; };
		FB1783A71AAE1A09000B9E81 /* ChangeAddressViewController.m */ = {isa = PBXFileReference; fileEncoding = 4; lastKnownFileType = sourcecode.c.objc; path = ChangeAddressViewController.m; sourceTree = "<group>"; };
		FB1783A91AAE1A20000B9E81 /* ChangeEmployerAddressViewController.h */ = {isa = PBXFileReference; fileEncoding = 4; lastKnownFileType = sourcecode.c.h; path = ChangeEmployerAddressViewController.h; sourceTree = "<group>"; };
		FB1783AA1AAE1A20000B9E81 /* ChangeEmployerAddressViewController.m */ = {isa = PBXFileReference; fileEncoding = 4; lastKnownFileType = sourcecode.c.objc; path = ChangeEmployerAddressViewController.m; sourceTree = "<group>"; };
		FB1BCA6C1AA987E1001BC8EC /* ReportInViewController.h */ = {isa = PBXFileReference; fileEncoding = 4; lastKnownFileType = sourcecode.c.h; path = ReportInViewController.h; sourceTree = "<group>"; };
		FB1BCA6D1AA987E1001BC8EC /* ReportInViewController.m */ = {isa = PBXFileReference; fileEncoding = 4; lastKnownFileType = sourcecode.c.objc; path = ReportInViewController.m; sourceTree = "<group>"; };
		FB1BCA6F1AA9982A001BC8EC /* RecordingViewController.h */ = {isa = PBXFileReference; fileEncoding = 4; lastKnownFileType = sourcecode.c.h; path = RecordingViewController.h; sourceTree = "<group>"; };
		FB1BCA701AA9982A001BC8EC /* RecordingViewController.m */ = {isa = PBXFileReference; fileEncoding = 4; lastKnownFileType = sourcecode.c.objc; path = RecordingViewController.m; sourceTree = "<group>"; };
		FB1BCA721AA99A1B001BC8EC /* CheckinVerfiedViewController.h */ = {isa = PBXFileReference; fileEncoding = 4; lastKnownFileType = sourcecode.c.h; path = CheckinVerfiedViewController.h; sourceTree = "<group>"; };
		FB1BCA731AA99A1C001BC8EC /* CheckinVerfiedViewController.m */ = {isa = PBXFileReference; fileEncoding = 4; lastKnownFileType = sourcecode.c.objc; path = CheckinVerfiedViewController.m; sourceTree = "<group>"; };
		FB2923BA1AA764A1008A4910 /* SVConstant.h */ = {isa = PBXFileReference; lastKnownFileType = sourcecode.c.h; path = SVConstant.h; sourceTree = "<group>"; };
		FB29BC8F1AAAFAB200EB5779 /* AudioToolbox.framework */ = {isa = PBXFileReference; lastKnownFileType = wrapper.framework; name = AudioToolbox.framework; path = System/Library/Frameworks/AudioToolbox.framework; sourceTree = SDKROOT; };
		FB29BC931AAB0DC000EB5779 /* SVUtility.h */ = {isa = PBXFileReference; fileEncoding = 4; lastKnownFileType = sourcecode.c.h; path = SVUtility.h; sourceTree = "<group>"; };
		FB29BC941AAB0DC000EB5779 /* SVUtility.m */ = {isa = PBXFileReference; fileEncoding = 4; lastKnownFileType = sourcecode.c.objc; path = SVUtility.m; sourceTree = "<group>"; };
		FB4417711AA8C90700E1AC7B /* AppointmentTableViewCell.h */ = {isa = PBXFileReference; fileEncoding = 4; lastKnownFileType = sourcecode.c.h; path = AppointmentTableViewCell.h; sourceTree = "<group>"; };
		FB4417721AA8C90700E1AC7B /* AppointmentTableViewCell.m */ = {isa = PBXFileReference; fileEncoding = 4; lastKnownFileType = sourcecode.c.objc; path = AppointmentTableViewCell.m; sourceTree = "<group>"; };
		FB4417731AA8C90700E1AC7B /* AppointmentTableViewCell.xib */ = {isa = PBXFileReference; fileEncoding = 4; lastKnownFileType = file.xib; path = AppointmentTableViewCell.xib; sourceTree = "<group>"; };
		FB78AEF21AB2EC5D0071AEB6 /* CoreLocation.framework */ = {isa = PBXFileReference; lastKnownFileType = wrapper.framework; name = CoreLocation.framework; path = System/Library/Frameworks/CoreLocation.framework; sourceTree = SDKROOT; };
		FB78AEF61AB2F3070071AEB6 /* checkmark.png */ = {isa = PBXFileReference; lastKnownFileType = image.png; path = checkmark.png; sourceTree = "<group>"; };
		FB843DFA1AA8255C00F65A36 /* MBProgressHUD.h */ = {isa = PBXFileReference; fileEncoding = 4; lastKnownFileType = sourcecode.c.h; path = MBProgressHUD.h; sourceTree = "<group>"; };
		FB843DFB1AA8255C00F65A36 /* MBProgressHUD.m */ = {isa = PBXFileReference; fileEncoding = 4; lastKnownFileType = sourcecode.c.objc; path = MBProgressHUD.m; sourceTree = "<group>"; };
		FB843DFD1AA82F0B00F65A36 /* CoreMedia.framework */ = {isa = PBXFileReference; lastKnownFileType = wrapper.framework; name = CoreMedia.framework; path = System/Library/Frameworks/CoreMedia.framework; sourceTree = SDKROOT; };
		FB843DFF1AA82F1100F65A36 /* CoreVideo.framework */ = {isa = PBXFileReference; lastKnownFileType = wrapper.framework; name = CoreVideo.framework; path = System/Library/Frameworks/CoreVideo.framework; sourceTree = SDKROOT; };
		FB843E011AA82F4200F65A36 /* AVFoundation.framework */ = {isa = PBXFileReference; lastKnownFileType = wrapper.framework; name = AVFoundation.framework; path = System/Library/Frameworks/AVFoundation.framework; sourceTree = SDKROOT; };
		FB9FF52E1AAEF4D000011BC1 /* MobileCoreServices.framework */ = {isa = PBXFileReference; lastKnownFileType = wrapper.framework; name = MobileCoreServices.framework; path = System/Library/Frameworks/MobileCoreServices.framework; sourceTree = SDKROOT; };
		FBB17A8C1AA6E1B70016BF5D /* SVLoginRequest.h */ = {isa = PBXFileReference; fileEncoding = 4; lastKnownFileType = sourcecode.c.h; path = SVLoginRequest.h; sourceTree = "<group>"; };
		FBB17A8D1AA6E1B70016BF5D /* SVLoginRequest.m */ = {isa = PBXFileReference; fileEncoding = 4; lastKnownFileType = sourcecode.c.objc; path = SVLoginRequest.m; sourceTree = "<group>"; };
		FBB17A8F1AA6E1CB0016BF5D /* SVLoginResponse.h */ = {isa = PBXFileReference; fileEncoding = 4; lastKnownFileType = sourcecode.c.h; path = SVLoginResponse.h; sourceTree = "<group>"; };
		FBB17A901AA6E1CB0016BF5D /* SVLoginResponse.m */ = {isa = PBXFileReference; fileEncoding = 4; lastKnownFileType = sourcecode.c.objc; path = SVLoginResponse.m; sourceTree = "<group>"; };
		FBB17A921AA6E1DC0016BF5D /* SVUserInfo.h */ = {isa = PBXFileReference; fileEncoding = 4; lastKnownFileType = sourcecode.c.h; path = SVUserInfo.h; sourceTree = "<group>"; };
		FBB17A931AA6E1DC0016BF5D /* SVUserInfo.m */ = {isa = PBXFileReference; fileEncoding = 4; lastKnownFileType = sourcecode.c.objc; path = SVUserInfo.m; sourceTree = "<group>"; };
		FBB17A951AA6E2090016BF5D /* SVAppoinmentinfo.h */ = {isa = PBXFileReference; fileEncoding = 4; lastKnownFileType = sourcecode.c.h; path = SVAppoinmentinfo.h; sourceTree = "<group>"; };
		FBB17A961AA6E2090016BF5D /* SVAppoinmentinfo.m */ = {isa = PBXFileReference; fileEncoding = 4; lastKnownFileType = sourcecode.c.objc; path = SVAppoinmentinfo.m; sourceTree = "<group>"; };
		FBB17A981AA702500016BF5D /* SVNetworkApi.h */ = {isa = PBXFileReference; fileEncoding = 4; lastKnownFileType = sourcecode.c.h; path = SVNetworkApi.h; sourceTree = "<group>"; };
		FBB17A991AA702500016BF5D /* SVNetworkApi.m */ = {isa = PBXFileReference; fileEncoding = 4; lastKnownFileType = sourcecode.c.objc; path = SVNetworkApi.m; sourceTree = "<group>"; };
		FBC3A4B21AADA3B7008C682D /* appointment-bg.png */ = {isa = PBXFileReference; lastKnownFileType = image.png; path = "appointment-bg.png"; sourceTree = "<group>"; };
		FBC3A4B31AADA3B7008C682D /* bg.png */ = {isa = PBXFileReference; lastKnownFileType = image.png; path = bg.png; sourceTree = "<group>"; };
		FBC3A4B41AADA3B7008C682D /* dropdown-arrow-bg.png */ = {isa = PBXFileReference; lastKnownFileType = image.png; path = "dropdown-arrow-bg.png"; sourceTree = "<group>"; };
		FBC3A4B51AADA3B7008C682D /* dropdown-arrow.png */ = {isa = PBXFileReference; lastKnownFileType = image.png; path = "dropdown-arrow.png"; sourceTree = "<group>"; };
		FBC3A4B61AADA3B7008C682D /* location-icon.png */ = {isa = PBXFileReference; lastKnownFileType = image.png; path = "location-icon.png"; sourceTree = "<group>"; };
		FBC3A4B71AADA3B7008C682D /* logo.png */ = {isa = PBXFileReference; lastKnownFileType = image.png; path = logo.png; sourceTree = "<group>"; };
		FBC3A4B81AADA3B7008C682D /* mic-icon.png */ = {isa = PBXFileReference; lastKnownFileType = image.png; path = "mic-icon.png"; sourceTree = "<group>"; };
		FBC3A4B91AADA3B7008C682D /* payment-bg.png */ = {isa = PBXFileReference; lastKnownFileType = image.png; path = "payment-bg.png"; sourceTree = "<group>"; };
		FBC3A4BA1AADA3B7008C682D /* red-band.png */ = {isa = PBXFileReference; lastKnownFileType = image.png; path = "red-band.png"; sourceTree = "<group>"; };
		FBC3A4BB1AADA3B7008C682D /* regarding-button.png */ = {isa = PBXFileReference; lastKnownFileType = image.png; path = "regarding-button.png"; sourceTree = "<group>"; };
		FBC3A4BC1AADA3B7008C682D /* reportin-bg.png */ = {isa = PBXFileReference; lastKnownFileType = image.png; path = "reportin-bg.png"; sourceTree = "<group>"; };
		FBC3A4BD1AADA3B7008C682D /* sound-wave.png */ = {isa = PBXFileReference; lastKnownFileType = image.png; path = "sound-wave.png"; sourceTree = "<group>"; };
		FBC3A4BE1AADA3B7008C682D /* supervision-logo.png */ = {isa = PBXFileReference; lastKnownFileType = image.png; path = "supervision-logo.png"; sourceTree = "<group>"; };
		FBC3A4BF1AADA3B7008C682D /* tick-mark-banner.png */ = {isa = PBXFileReference; lastKnownFileType = image.png; path = "tick-mark-banner.png"; sourceTree = "<group>"; };
		FBC3A4C01AADA3B7008C682D /* voice-icon.png */ = {isa = PBXFileReference; lastKnownFileType = image.png; path = "voice-icon.png"; sourceTree = "<group>"; };
/* End PBXFileReference section */

/* Begin PBXFrameworksBuildPhase section */
		B983237F1AA23F6B00770625 /* Frameworks */ = {
			isa = PBXFrameworksBuildPhase;
			buildActionMask = 2147483647;
			files = (
				FB78AEF31AB2EC5D0071AEB6 /* CoreLocation.framework in Frameworks */,
				FB9FF52F1AAEF4D000011BC1 /* MobileCoreServices.framework in Frameworks */,
				FB29BC901AAAFAB200EB5779 /* AudioToolbox.framework in Frameworks */,
				FB843E021AA82F4200F65A36 /* AVFoundation.framework in Frameworks */,
				FB843E001AA82F1100F65A36 /* CoreVideo.framework in Frameworks */,
				FB843DFE1AA82F0B00F65A36 /* CoreMedia.framework in Frameworks */,
			);
			runOnlyForDeploymentPostprocessing = 0;
		};
		B98323981AA23F6B00770625 /* Frameworks */ = {
			isa = PBXFrameworksBuildPhase;
			buildActionMask = 2147483647;
			files = (
			);
			runOnlyForDeploymentPostprocessing = 0;
		};
/* End PBXFrameworksBuildPhase section */

/* Begin PBXGroup section */
		B95DFEE21AAC763500EEE565 /* Picker */ = {
			isa = PBXGroup;
			children = (
			);
			name = Picker;
			sourceTree = "<group>";
		};
		B98323791AA23F6B00770625 = {
			isa = PBXGroup;
			children = (
				FB78AEF21AB2EC5D0071AEB6 /* CoreLocation.framework */,
				FB9FF52E1AAEF4D000011BC1 /* MobileCoreServices.framework */,
				FB29BC8F1AAAFAB200EB5779 /* AudioToolbox.framework */,
				FB843E011AA82F4200F65A36 /* AVFoundation.framework */,
				FB843DFF1AA82F1100F65A36 /* CoreVideo.framework */,
				FB843DFD1AA82F0B00F65A36 /* CoreMedia.framework */,
				B98323841AA23F6B00770625 /* SuperVision */,
				B983239E1AA23F6B00770625 /* SuperVisionTests */,
				B98323831AA23F6B00770625 /* Products */,
			);
			sourceTree = "<group>";
		};
		B98323831AA23F6B00770625 /* Products */ = {
			isa = PBXGroup;
			children = (
				B98323821AA23F6B00770625 /* SuperVision.app */,
				B983239B1AA23F6B00770625 /* SuperVisionTests.xctest */,
			);
			name = Products;
			sourceTree = "<group>";
		};
		B98323841AA23F6B00770625 /* SuperVision */ = {
			isa = PBXGroup;
			children = (
				B95DFEE21AAC763500EEE565 /* Picker */,
				FB4417701AA8C8D000E1AC7B /* TableCell */,
				FBB17A8B1AA6E1790016BF5D /* APIClasses */,
				B98323891AA23F6B00770625 /* AppDelegate.h */,
				B983238A1AA23F6B00770625 /* AppDelegate.m */,
				B98323AB1AA23FB400770625 /* LoginViewViewController.h */,
				B98323AC1AA23FB400770625 /* LoginViewViewController.m */,
				B98323AE1AA24FA200770625 /* DashboardViewController.h */,
				B98323AF1AA24FA200770625 /* DashboardViewController.m */,
				B9A69DD71AA2F95C0058E701 /* PaymentsViewController.h */,
				B9A69DD81AA2F95C0058E701 /* PaymentsViewController.m */,
				B9A69DDA1AA2FFB80058E701 /* AppointmentsViewController.h */,
				B9A69DDB1AA2FFB80058E701 /* AppointmentsViewController.m */,
				FB1BCA6C1AA987E1001BC8EC /* ReportInViewController.h */,
				FB1BCA6D1AA987E1001BC8EC /* ReportInViewController.m */,
				FB1BCA6F1AA9982A001BC8EC /* RecordingViewController.h */,
				FB1BCA701AA9982A001BC8EC /* RecordingViewController.m */,
				FB1BCA721AA99A1B001BC8EC /* CheckinVerfiedViewController.h */,
				FB1BCA731AA99A1C001BC8EC /* CheckinVerfiedViewController.m */,
				B983238F1AA23F6B00770625 /* Main.storyboard */,
				B98323921AA23F6B00770625 /* Images.xcassets */,
				B98323941AA23F6B00770625 /* LaunchScreen.xib */,
				B98323851AA23F6B00770625 /* Supporting Files */,
				FB29BC931AAB0DC000EB5779 /* SVUtility.h */,
				FB29BC941AAB0DC000EB5779 /* SVUtility.m */,
				FB1783A61AAE1A09000B9E81 /* ChangeAddressViewController.h */,
				FB1783A71AAE1A09000B9E81 /* ChangeAddressViewController.m */,
				FB1783A91AAE1A20000B9E81 /* ChangeEmployerAddressViewController.h */,
				FB1783AA1AAE1A20000B9E81 /* ChangeEmployerAddressViewController.m */,
			);
			path = SuperVision;
			sourceTree = "<group>";
		};
		B98323851AA23F6B00770625 /* Supporting Files */ = {
			isa = PBXGroup;
			children = (
				FBC3A4B11AADA393008C682D /* Images */,
				B98323861AA23F6B00770625 /* Info.plist */,
				B98323871AA23F6B00770625 /* main.m */,
			);
			name = "Supporting Files";
			sourceTree = "<group>";
		};
		B983239E1AA23F6B00770625 /* SuperVisionTests */ = {
			isa = PBXGroup;
			children = (
				B98323A11AA23F6B00770625 /* SuperVisionTests.m */,
				B983239F1AA23F6B00770625 /* Supporting Files */,
			);
			path = SuperVisionTests;
			sourceTree = "<group>";
		};
		B983239F1AA23F6B00770625 /* Supporting Files */ = {
			isa = PBXGroup;
			children = (
				B98323A01AA23F6B00770625 /* Info.plist */,
			);
			name = "Supporting Files";
			sourceTree = "<group>";
		};
		FB4417701AA8C8D000E1AC7B /* TableCell */ = {
			isa = PBXGroup;
			children = (
				FB4417711AA8C90700E1AC7B /* AppointmentTableViewCell.h */,
				FB4417721AA8C90700E1AC7B /* AppointmentTableViewCell.m */,
				FB4417731AA8C90700E1AC7B /* AppointmentTableViewCell.xib */,
			);
			name = TableCell;
			sourceTree = "<group>";
		};
		FBB17A8B1AA6E1790016BF5D /* APIClasses */ = {
			isa = PBXGroup;
			children = (
				FB843DFA1AA8255C00F65A36 /* MBProgressHUD.h */,
				FB843DFB1AA8255C00F65A36 /* MBProgressHUD.m */,
				FBB17A8C1AA6E1B70016BF5D /* SVLoginRequest.h */,
				FBB17A8D1AA6E1B70016BF5D /* SVLoginRequest.m */,
				FBB17A8F1AA6E1CB0016BF5D /* SVLoginResponse.h */,
				FBB17A901AA6E1CB0016BF5D /* SVLoginResponse.m */,
				FBB17A921AA6E1DC0016BF5D /* SVUserInfo.h */,
				FBB17A931AA6E1DC0016BF5D /* SVUserInfo.m */,
				FBB17A951AA6E2090016BF5D /* SVAppoinmentinfo.h */,
				FBB17A961AA6E2090016BF5D /* SVAppoinmentinfo.m */,
				FBB17A981AA702500016BF5D /* SVNetworkApi.h */,
				FBB17A991AA702500016BF5D /* SVNetworkApi.m */,
				FB2923BA1AA764A1008A4910 /* SVConstant.h */,
			);
			name = APIClasses;
			sourceTree = "<group>";
		};
		FBC3A4B11AADA393008C682D /* Images */ = {
			isa = PBXGroup;
			children = (
				FB78AEF61AB2F3070071AEB6 /* checkmark.png */,
				FB1783A41AAE0C19000B9E81 /* SuperVision-072214_page15_image2.jpg */,
				FBC3A4B21AADA3B7008C682D /* appointment-bg.png */,
				FBC3A4B31AADA3B7008C682D /* bg.png */,
				FBC3A4B41AADA3B7008C682D /* dropdown-arrow-bg.png */,
				FBC3A4B51AADA3B7008C682D /* dropdown-arrow.png */,
				FBC3A4B61AADA3B7008C682D /* location-icon.png */,
				FBC3A4B71AADA3B7008C682D /* logo.png */,
				FBC3A4B81AADA3B7008C682D /* mic-icon.png */,
				FBC3A4B91AADA3B7008C682D /* payment-bg.png */,
				FBC3A4BA1AADA3B7008C682D /* red-band.png */,
				FBC3A4BB1AADA3B7008C682D /* regarding-button.png */,
				FBC3A4BC1AADA3B7008C682D /* reportin-bg.png */,
				FBC3A4BD1AADA3B7008C682D /* sound-wave.png */,
				FBC3A4BE1AADA3B7008C682D /* supervision-logo.png */,
				FBC3A4BF1AADA3B7008C682D /* tick-mark-banner.png */,
				FBC3A4C01AADA3B7008C682D /* voice-icon.png */,
			);
			name = Images;
			sourceTree = "<group>";
		};
/* End PBXGroup section */

/* Begin PBXNativeTarget section */
		B98323811AA23F6B00770625 /* SuperVision */ = {
			isa = PBXNativeTarget;
			buildConfigurationList = B98323A51AA23F6B00770625 /* Build configuration list for PBXNativeTarget "SuperVision" */;
			buildPhases = (
				B983237E1AA23F6B00770625 /* Sources */,
				B983237F1AA23F6B00770625 /* Frameworks */,
				B98323801AA23F6B00770625 /* Resources */,
			);
			buildRules = (
			);
			dependencies = (
			);
			name = SuperVision;
			productName = SuperVision;
			productReference = B98323821AA23F6B00770625 /* SuperVision.app */;
			productType = "com.apple.product-type.application";
		};
		B983239A1AA23F6B00770625 /* SuperVisionTests */ = {
			isa = PBXNativeTarget;
			buildConfigurationList = B98323A81AA23F6B00770625 /* Build configuration list for PBXNativeTarget "SuperVisionTests" */;
			buildPhases = (
				B98323971AA23F6B00770625 /* Sources */,
				B98323981AA23F6B00770625 /* Frameworks */,
				B98323991AA23F6B00770625 /* Resources */,
			);
			buildRules = (
			);
			dependencies = (
				B983239D1AA23F6B00770625 /* PBXTargetDependency */,
			);
			name = SuperVisionTests;
			productName = SuperVisionTests;
			productReference = B983239B1AA23F6B00770625 /* SuperVisionTests.xctest */;
			productType = "com.apple.product-type.bundle.unit-test";
		};
/* End PBXNativeTarget section */

/* Begin PBXProject section */
		B983237A1AA23F6B00770625 /* Project object */ = {
			isa = PBXProject;
			attributes = {
				LastUpgradeCheck = 0610;
				ORGANIZATIONNAME = "Ashish ojha";
				TargetAttributes = {
					B98323811AA23F6B00770625 = {
						CreatedOnToolsVersion = 6.1.1;
					};
					B983239A1AA23F6B00770625 = {
						CreatedOnToolsVersion = 6.1.1;
						TestTargetID = B98323811AA23F6B00770625;
					};
				};
			};
			buildConfigurationList = B983237D1AA23F6B00770625 /* Build configuration list for PBXProject "SuperVision" */;
			compatibilityVersion = "Xcode 3.2";
			developmentRegion = English;
			hasScannedForEncodings = 0;
			knownRegions = (
				en,
				Base,
			);
			mainGroup = B98323791AA23F6B00770625;
			productRefGroup = B98323831AA23F6B00770625 /* Products */;
			projectDirPath = "";
			projectRoot = "";
			targets = (
				B98323811AA23F6B00770625 /* SuperVision */,
				B983239A1AA23F6B00770625 /* SuperVisionTests */,
			);
		};
/* End PBXProject section */

/* Begin PBXResourcesBuildPhase section */
		B98323801AA23F6B00770625 /* Resources */ = {
			isa = PBXResourcesBuildPhase;
			buildActionMask = 2147483647;
			files = (
				FBC3A4CB1AADA3B7008C682D /* reportin-bg.png in Resources */,
				FBC3A4CE1AADA3B7008C682D /* tick-mark-banner.png in Resources */,
				FBC3A4C11AADA3B7008C682D /* appointment-bg.png in Resources */,
				FBC3A4CA1AADA3B7008C682D /* regarding-button.png in Resources */,
				FBC3A4C81AADA3B7008C682D /* payment-bg.png in Resources */,
				FB1783A51AAE0C19000B9E81 /* SuperVision-072214_page15_image2.jpg in Resources */,
				FBC3A4CD1AADA3B7008C682D /* supervision-logo.png in Resources */,
				B98323911AA23F6B00770625 /* Main.storyboard in Resources */,
				FBC3A4C91AADA3B7008C682D /* red-band.png in Resources */,
				FBC3A4C41AADA3B7008C682D /* dropdown-arrow.png in Resources */,
				FBC3A4C51AADA3B7008C682D /* location-icon.png in Resources */,
				FBC3A4CF1AADA3B7008C682D /* voice-icon.png in Resources */,
				FBC3A4C21AADA3B7008C682D /* bg.png in Resources */,
				B98323961AA23F6B00770625 /* LaunchScreen.xib in Resources */,
				FBC3A4CC1AADA3B7008C682D /* sound-wave.png in Resources */,
				FBC3A4C61AADA3B7008C682D /* logo.png in Resources */,
				FBC3A4C71AADA3B7008C682D /* mic-icon.png in Resources */,
				FB78AEF71AB2F3070071AEB6 /* checkmark.png in Resources */,
				FBC3A4C31AADA3B7008C682D /* dropdown-arrow-bg.png in Resources */,
				B98323931AA23F6B00770625 /* Images.xcassets in Resources */,
				FB4417751AA8C90700E1AC7B /* AppointmentTableViewCell.xib in Resources */,
			);
			runOnlyForDeploymentPostprocessing = 0;
		};
		B98323991AA23F6B00770625 /* Resources */ = {
			isa = PBXResourcesBuildPhase;
			buildActionMask = 2147483647;
			files = (
			);
			runOnlyForDeploymentPostprocessing = 0;
		};
/* End PBXResourcesBuildPhase section */

/* Begin PBXSourcesBuildPhase section */
		B983237E1AA23F6B00770625 /* Sources */ = {
			isa = PBXSourcesBuildPhase;
			buildActionMask = 2147483647;
			files = (
				B9A69DDC1AA2FFB80058E701 /* AppointmentsViewController.m in Sources */,
				FBB17A971AA6E2090016BF5D /* SVAppoinmentinfo.m in Sources */,
				FB1BCA741AA99A1C001BC8EC /* CheckinVerfiedViewController.m in Sources */,
				B983238B1AA23F6B00770625 /* AppDelegate.m in Sources */,
				FBB17A941AA6E1DC0016BF5D /* SVUserInfo.m in Sources */,
				FBB17A9A1AA702500016BF5D /* SVNetworkApi.m in Sources */,
				FB4417741AA8C90700E1AC7B /* AppointmentTableViewCell.m in Sources */,
				B98323881AA23F6B00770625 /* main.m in Sources */,
				B98323AD1AA23FB400770625 /* LoginViewViewController.m in Sources */,
				FB843DFC1AA8255C00F65A36 /* MBProgressHUD.m in Sources */,
				FBB17A8E1AA6E1B70016BF5D /* SVLoginRequest.m in Sources */,
				FBB17A911AA6E1CB0016BF5D /* SVLoginResponse.m in Sources */,
				FB1783AB1AAE1A20000B9E81 /* ChangeEmployerAddressViewController.m in Sources */,
				FB1BCA711AA9982A001BC8EC /* RecordingViewController.m in Sources */,
				FB1783A81AAE1A09000B9E81 /* ChangeAddressViewController.m in Sources */,
				FB1BCA6E1AA987E1001BC8EC /* ReportInViewController.m in Sources */,
				FB29BC951AAB0DC000EB5779 /* SVUtility.m in Sources */,
				B9A69DD91AA2F95C0058E701 /* PaymentsViewController.m in Sources */,
				B98323B01AA24FA200770625 /* DashboardViewController.m in Sources */,
			);
			runOnlyForDeploymentPostprocessing = 0;
		};
		B98323971AA23F6B00770625 /* Sources */ = {
			isa = PBXSourcesBuildPhase;
			buildActionMask = 2147483647;
			files = (
				B98323A21AA23F6B00770625 /* SuperVisionTests.m in Sources */,
			);
			runOnlyForDeploymentPostprocessing = 0;
		};
/* End PBXSourcesBuildPhase section */

/* Begin PBXTargetDependency section */
		B983239D1AA23F6B00770625 /* PBXTargetDependency */ = {
			isa = PBXTargetDependency;
			target = B98323811AA23F6B00770625 /* SuperVision */;
			targetProxy = B983239C1AA23F6B00770625 /* PBXContainerItemProxy */;
		};
/* End PBXTargetDependency section */

/* Begin PBXVariantGroup section */
		B983238F1AA23F6B00770625 /* Main.storyboard */ = {
			isa = PBXVariantGroup;
			children = (
				B98323901AA23F6B00770625 /* Base */,
			);
			name = Main.storyboard;
			sourceTree = "<group>";
		};
		B98323941AA23F6B00770625 /* LaunchScreen.xib */ = {
			isa = PBXVariantGroup;
			children = (
				B98323951AA23F6B00770625 /* Base */,
			);
			name = LaunchScreen.xib;
			sourceTree = "<group>";
		};
/* End PBXVariantGroup section */

/* Begin XCBuildConfiguration section */
		B98323A31AA23F6B00770625 /* Debug */ = {
			isa = XCBuildConfiguration;
			buildSettings = {
				ALWAYS_SEARCH_USER_PATHS = NO;
				CLANG_CXX_LANGUAGE_STANDARD = "gnu++0x";
				CLANG_CXX_LIBRARY = "libc++";
				CLANG_ENABLE_MODULES = YES;
				CLANG_ENABLE_OBJC_ARC = YES;
				CLANG_WARN_BOOL_CONVERSION = YES;
				CLANG_WARN_CONSTANT_CONVERSION = YES;
				CLANG_WARN_DIRECT_OBJC_ISA_USAGE = YES_ERROR;
				CLANG_WARN_EMPTY_BODY = YES;
				CLANG_WARN_ENUM_CONVERSION = YES;
				CLANG_WARN_INT_CONVERSION = YES;
				CLANG_WARN_OBJC_ROOT_CLASS = YES_ERROR;
				CLANG_WARN_UNREACHABLE_CODE = YES;
				CLANG_WARN__DUPLICATE_METHOD_MATCH = YES;
				CODE_SIGN_IDENTITY = "iPhone Distribution: Goldpost Technologies Inc (VK6Z4345N2)";
				"CODE_SIGN_IDENTITY[sdk=iphoneos*]" = "iPhone Distribution: Goldpost Technologies Inc (VK6Z4345N2)";
				COPY_PHASE_STRIP = NO;
				ENABLE_STRICT_OBJC_MSGSEND = YES;
				GCC_C_LANGUAGE_STANDARD = gnu99;
				GCC_DYNAMIC_NO_PIC = NO;
				GCC_OPTIMIZATION_LEVEL = 0;
				GCC_PREPROCESSOR_DEFINITIONS = (
					"DEBUG=1",
					"$(inherited)",
				);
				GCC_SYMBOLS_PRIVATE_EXTERN = NO;
				GCC_WARN_64_TO_32_BIT_CONVERSION = YES;
				GCC_WARN_ABOUT_RETURN_TYPE = YES_ERROR;
				GCC_WARN_UNDECLARED_SELECTOR = YES;
				GCC_WARN_UNINITIALIZED_AUTOS = YES_AGGRESSIVE;
				GCC_WARN_UNUSED_FUNCTION = YES;
				GCC_WARN_UNUSED_VARIABLE = YES;
				IPHONEOS_DEPLOYMENT_TARGET = 8.1;
				MTL_ENABLE_DEBUG_INFO = YES;
				ONLY_ACTIVE_ARCH = YES;
				PROVISIONING_PROFILE = "e9e21e64-dfab-4ce5-9bb5-ae2d881f5b70";
				SDKROOT = iphoneos;
			};
			name = Debug;
		};
		B98323A41AA23F6B00770625 /* Release */ = {
			isa = XCBuildConfiguration;
			buildSettings = {
				ALWAYS_SEARCH_USER_PATHS = NO;
				CLANG_CXX_LANGUAGE_STANDARD = "gnu++0x";
				CLANG_CXX_LIBRARY = "libc++";
				CLANG_ENABLE_MODULES = YES;
				CLANG_ENABLE_OBJC_ARC = YES;
				CLANG_WARN_BOOL_CONVERSION = YES;
				CLANG_WARN_CONSTANT_CONVERSION = YES;
				CLANG_WARN_DIRECT_OBJC_ISA_USAGE = YES_ERROR;
				CLANG_WARN_EMPTY_BODY = YES;
				CLANG_WARN_ENUM_CONVERSION = YES;
				CLANG_WARN_INT_CONVERSION = YES;
				CLANG_WARN_OBJC_ROOT_CLASS = YES_ERROR;
				CLANG_WARN_UNREACHABLE_CODE = YES;
				CLANG_WARN__DUPLICATE_METHOD_MATCH = YES;
				CODE_SIGN_IDENTITY = "iPhone Distribution: Goldpost Technologies Inc (VK6Z4345N2)";
				"CODE_SIGN_IDENTITY[sdk=iphoneos*]" = "iPhone Distribution: Goldpost Technologies Inc (VK6Z4345N2)";
				COPY_PHASE_STRIP = YES;
				ENABLE_NS_ASSERTIONS = NO;
				ENABLE_STRICT_OBJC_MSGSEND = YES;
				GCC_C_LANGUAGE_STANDARD = gnu99;
				GCC_WARN_64_TO_32_BIT_CONVERSION = YES;
				GCC_WARN_ABOUT_RETURN_TYPE = YES_ERROR;
				GCC_WARN_UNDECLARED_SELECTOR = YES;
				GCC_WARN_UNINITIALIZED_AUTOS = YES_AGGRESSIVE;
				GCC_WARN_UNUSED_FUNCTION = YES;
				GCC_WARN_UNUSED_VARIABLE = YES;
				IPHONEOS_DEPLOYMENT_TARGET = 8.1;
				MTL_ENABLE_DEBUG_INFO = NO;
				PROVISIONING_PROFILE = "e9e21e64-dfab-4ce5-9bb5-ae2d881f5b70";
				SDKROOT = iphoneos;
				VALIDATE_PRODUCT = YES;
			};
			name = Release;
		};
		B98323A61AA23F6B00770625 /* Debug */ = {
			isa = XCBuildConfiguration;
			buildSettings = {
				ASSETCATALOG_COMPILER_APPICON_NAME = AppIcon;
				INFOPLIST_FILE = SuperVision/Info.plist;
				LD_RUNPATH_SEARCH_PATHS = "$(inherited) @executable_path/Frameworks";
				PRODUCT_NAME = "$(TARGET_NAME)";
				PROVISIONING_PROFILE = "e9e21e64-dfab-4ce5-9bb5-ae2d881f5b70";
			};
			name = Debug;
		};
		B98323A71AA23F6B00770625 /* Release */ = {
			isa = XCBuildConfiguration;
			buildSettings = {
				ASSETCATALOG_COMPILER_APPICON_NAME = AppIcon;
				INFOPLIST_FILE = SuperVision/Info.plist;
				LD_RUNPATH_SEARCH_PATHS = "$(inherited) @executable_path/Frameworks";
				PRODUCT_NAME = "$(TARGET_NAME)";
				PROVISIONING_PROFILE = "e9e21e64-dfab-4ce5-9bb5-ae2d881f5b70";
			};
			name = Release;
		};
		B98323A91AA23F6B00770625 /* Debug */ = {
			isa = XCBuildConfiguration;
			buildSettings = {
				BUNDLE_LOADER = "$(TEST_HOST)";
				FRAMEWORK_SEARCH_PATHS = (
					"$(SDKROOT)/Developer/Library/Frameworks",
					"$(inherited)",
				);
				GCC_PREPROCESSOR_DEFINITIONS = (
					"DEBUG=1",
					"$(inherited)",
				);
				INFOPLIST_FILE = SuperVisionTests/Info.plist;
				LD_RUNPATH_SEARCH_PATHS = "$(inherited) @executable_path/Frameworks @loader_path/Frameworks";
				PRODUCT_NAME = "$(TARGET_NAME)";
				TEST_HOST = "$(BUILT_PRODUCTS_DIR)/SuperVision.app/SuperVision";
			};
			name = Debug;
		};
		B98323AA1AA23F6B00770625 /* Release */ = {
			isa = XCBuildConfiguration;
			buildSettings = {
				BUNDLE_LOADER = "$(TEST_HOST)";
				FRAMEWORK_SEARCH_PATHS = (
					"$(SDKROOT)/Developer/Library/Frameworks",
					"$(inherited)",
				);
				INFOPLIST_FILE = SuperVisionTests/Info.plist;
				LD_RUNPATH_SEARCH_PATHS = "$(inherited) @executable_path/Frameworks @loader_path/Frameworks";
				PRODUCT_NAME = "$(TARGET_NAME)";
				TEST_HOST = "$(BUILT_PRODUCTS_DIR)/SuperVision.app/SuperVision";
			};
			name = Release;
		};
/* End XCBuildConfiguration section */

/* Begin XCConfigurationList section */
		B983237D1AA23F6B00770625 /* Build configuration list for PBXProject "SuperVision" */ = {
			isa = XCConfigurationList;
			buildConfigurations = (
				B98323A31AA23F6B00770625 /* Debug */,
				B98323A41AA23F6B00770625 /* Release */,
			);
			defaultConfigurationIsVisible = 0;
			defaultConfigurationName = Release;
		};
		B98323A51AA23F6B00770625 /* Build configuration list for PBXNativeTarget "SuperVision" */ = {
			isa = XCConfigurationList;
			buildConfigurations = (
				B98323A61AA23F6B00770625 /* Debug */,
				B98323A71AA23F6B00770625 /* Release */,
			);
			defaultConfigurationIsVisible = 0;
			defaultConfigurationName = Release;
		};
		B98323A81AA23F6B00770625 /* Build configuration list for PBXNativeTarget "SuperVisionTests" */ = {
			isa = XCConfigurationList;
			buildConfigurations = (
				B98323A91AA23F6B00770625 /* Debug */,
				B98323AA1AA23F6B00770625 /* Release */,
			);
			defaultConfigurationIsVisible = 0;
			defaultConfigurationName = Release;
		};
/* End XCConfigurationList section */
	};
	rootObject = B983237A1AA23F6B00770625 /* Project object */;
}
